
Microsoft Visual Studio Solution File, Format Version 12.00
# Visual Studio 15
Project("{FAE04EC0-301F-11D3-BF4B-00C04F79EFBC}") = "MMOS.SDK", "MMOS.SDK\MMOS.SDK.csproj", "{15A3FA94-2B28-474B-87D1-0208072D4789}"
EndProject
Project("{FAE04EC0-301F-11D3-BF4B-00C04F79EFBC}") = "MMOS.SDK.Tests", "MMOS.SDK.Tests\MMOS.SDK.Tests.csproj", "{247C1341-657E-40CF-990D-5EB0F3B89B95}"
EndProject
Project("{2150E333-8FDC-42A3-9474-1A3956D46DE8}") = "Solution Items", "Solution Items", "{ACB6BAA2-814B-4D26-9509-76C58A27F7F6}"
	ProjectSection(SolutionItems) = preProject
		README.md = README.md
		LICENSE = LICENSE
	EndProjectSection
EndProject
Global
	GlobalSection(SolutionConfigurationPlatforms) = preSolution
		Debug|Any CPU = Debug|Any CPU
		Release|Any CPU = Release|Any CPU
	EndGlobalSection
	GlobalSection(ProjectConfigurationPlatforms) = postSolution
		{15A3FA94-2B28-474B-87D1-0208072D4789}.Debug|Any CPU.ActiveCfg = Debug|Any CPU
		{15A3FA94-2B28-474B-87D1-0208072D4789}.Debug|Any CPU.Build.0 = Debug|Any CPU
		{15A3FA94-2B28-474B-87D1-0208072D4789}.Release|Any CPU.ActiveCfg = Release|Any CPU
		{15A3FA94-2B28-474B-87D1-0208072D4789}.Release|Any CPU.Build.0 = Release|Any CPU
		{247C1341-657E-40CF-990D-5EB0F3B89B95}.Debug|Any CPU.ActiveCfg = Debug|Any CPU
		{247C1341-657E-40CF-990D-5EB0F3B89B95}.Debug|Any CPU.Build.0 = Debug|Any CPU
		{247C1341-657E-40CF-990D-5EB0F3B89B95}.Release|Any CPU.ActiveCfg = Release|Any CPU
		{247C1341-657E-40CF-990D-5EB0F3B89B95}.Release|Any CPU.Build.0 = Release|Any CPU
	EndGlobalSection
EndGlobal
